
Microsoft Visual Studio Solution File, Format Version 11.00
# Visual Studio 2010
Project("{F184B08F-C81C-45F6-A57F-5ABD9991F28F}") = "GAD_18", "GA_18\GAD_18.vbproj", "{5276FAE6-F8A9-41D8-B045-CD738B698D62}"
EndProject
Global
	GlobalSection(SolutionConfigurationPlatforms) = preSolution
		Debug|x86 = Debug|x86
		Release|x86 = Release|x86
	EndGlobalSection
	GlobalSection(ProjectConfigurationPlatforms) = postSolution
		{5276FAE6-F8A9-41D8-B045-CD738B698D62}.Debug|x86.ActiveCfg = Debug|x86
		{5276FAE6-F8A9-41D8-B045-CD738B698D62}.Debug|x86.Build.0 = Debug|x86
		{5276FAE6-F8A9-41D8-B045-CD738B698D62}.Release|x86.ActiveCfg = Release|x86
		{5276FAE6-F8A9-41D8-B045-CD738B698D62}.Release|x86.Build.0 = Release|x86
	EndGlobalSection
	GlobalSection(SolutionProperties) = preSolution
		HideSolutionNode = FALSE
	EndGlobalSection
EndGlobal
